
Microsoft Visual Studio Solution File, Format Version 12.00
# Visual Studio Version 16
VisualStudioVersion = 16.0.31321.278
MinimumVisualStudioVersion = 10.0.40219.1
Project("{FAE04EC0-301F-11D3-BF4B-00C04F79EFBC}") = "CSharpLibraryTest", "CSharpLibraryTest\CSharpLibraryTest.csproj", "{2865919C-7773-41B0-878F-C71F09BA70BD}"
EndProject
Global
	GlobalSection(SolutionConfigurationPlatforms) = preSolution
		Debug|Any CPU = Debug|Any CPU
		Release|Any CPU = Release|Any CPU
	EndGlobalSection
	GlobalSection(ProjectConfigurationPlatforms) = postSolution
		{2865919C-7773-41B0-878F-C71F09BA70BD}.Debug|Any CPU.ActiveCfg = Debug|Any CPU
		{2865919C-7773-41B0-878F-C71F09BA70BD}.Debug|Any CPU.Build.0 = Debug|Any CPU
		{2865919C-7773-41B0-878F-C71F09BA70BD}.Release|Any CPU.ActiveCfg = Release|Any CPU
		{2865919C-7773-41B0-878F-C71F09BA70BD}.Release|Any CPU.Build.0 = Release|Any CPU
	EndGlobalSection
	GlobalSection(SolutionProperties) = preSolution
		HideSolutionNode = FALSE
	EndGlobalSection
	GlobalSection(ExtensibilityGlobals) = postSolution
		SolutionGuid = {C5085E64-E367-400D-B4F1-5A04DA771255}
	EndGlobalSection
EndGlobal
