
Microsoft Visual Studio Solution File, Format Version 12.00
# Visual Studio Version 16
VisualStudioVersion = 16.0.31321.278
MinimumVisualStudioVersion = 10.0.40219.1
Project("{9A19103F-16F7-4668-BE54-9A1E7A4F7556}") = "CSharpLibraryTest", "CSharpLibraryTest\CSharpLibraryTest.csproj", "{2865919C-7773-41B0-878F-C71F09BA70BD}"
	ProjectSection(ProjectDependencies) = postProject
		{3EC1DB82-34B6-4DD9-8A1C-9B7B8C9E93D7} = {3EC1DB82-34B6-4DD9-8A1C-9B7B8C9E93D7}
	EndProjectSection
EndProject
Project("{9A19103F-16F7-4668-BE54-9A1E7A4F7556}") = "CSharpUserControlLibrary", "CSharpUserControlLibrary\CSharpUserControlLibrary.csproj", "{3EC1DB82-34B6-4DD9-8A1C-9B7B8C9E93D7}"
EndProject
Project("{FAE04EC0-301F-11D3-BF4B-00C04F79EFBC}") = "CSharpLibraryTestUnitTest", "CSharpLibraryTestUnitTest\CSharpLibraryTestUnitTest.csproj", "{97D46DA9-281E-4FE6-895B-F04B6E364F1E}"
EndProject
Global
	GlobalSection(SolutionConfigurationPlatforms) = preSolution
		Debug|Any CPU = Debug|Any CPU
		Release|Any CPU = Release|Any CPU
	EndGlobalSection
	GlobalSection(ProjectConfigurationPlatforms) = postSolution
		{2865919C-7773-41B0-878F-C71F09BA70BD}.Debug|Any CPU.ActiveCfg = Debug|Any CPU
		{2865919C-7773-41B0-878F-C71F09BA70BD}.Debug|Any CPU.Build.0 = Debug|Any CPU
		{2865919C-7773-41B0-878F-C71F09BA70BD}.Release|Any CPU.ActiveCfg = Release|Any CPU
		{2865919C-7773-41B0-878F-C71F09BA70BD}.Release|Any CPU.Build.0 = Release|Any CPU
		{3EC1DB82-34B6-4DD9-8A1C-9B7B8C9E93D7}.Debug|Any CPU.ActiveCfg = Debug|Any CPU
		{3EC1DB82-34B6-4DD9-8A1C-9B7B8C9E93D7}.Debug|Any CPU.Build.0 = Debug|Any CPU
		{3EC1DB82-34B6-4DD9-8A1C-9B7B8C9E93D7}.Release|Any CPU.ActiveCfg = Release|Any CPU
		{3EC1DB82-34B6-4DD9-8A1C-9B7B8C9E93D7}.Release|Any CPU.Build.0 = Release|Any CPU
		{97D46DA9-281E-4FE6-895B-F04B6E364F1E}.Debug|Any CPU.ActiveCfg = Debug|Any CPU
		{97D46DA9-281E-4FE6-895B-F04B6E364F1E}.Debug|Any CPU.Build.0 = Debug|Any CPU
		{97D46DA9-281E-4FE6-895B-F04B6E364F1E}.Release|Any CPU.ActiveCfg = Release|Any CPU
		{97D46DA9-281E-4FE6-895B-F04B6E364F1E}.Release|Any CPU.Build.0 = Release|Any CPU
	EndGlobalSection
	GlobalSection(SolutionProperties) = preSolution
		HideSolutionNode = FALSE
	EndGlobalSection
	GlobalSection(ExtensibilityGlobals) = postSolution
		SolutionGuid = {C5085E64-E367-400D-B4F1-5A04DA771255}
	EndGlobalSection
EndGlobal
